{
  "version": 4,
  "terraform_version": "0.14.5",
  "serial": 209,
  "lineage": "ad53363d-14b3-7f59-48a0-cdf39b7a9128",
  "outputs": {},
  "resources": [
    {
      "mode": "managed",
      "type": "ah_cloud_server",
      "name": "nginx",
      "provider": "provider[\"registry.terraform.io/advancedhosting/ah\"]",
      "instances": [
        {
          "schema_version": 0,
          "attributes": {
            "backups": false,
            "create_public_ip_address": false,
            "created_at": "2021-01-31T10:48:26.517Z",
            "datacenter": "ams1",
            "disk": 1024,
            "id": "764865b1-83d5-4b07-927b-d3e25636b392",
            "image": "centos-7-x64",
            "ips": [],
            "name": "nginx",
            "product": "start-xs",
            "ram": 1024,
            "ssh_keys": [
              "f2:64:47:ba:f4:26:5d:a8:da:75:be:b3:34:e8:bf:4a"
            ],
            "state": "running",
            "use_password": false,
            "vcpu": 1
          },
          "sensitive_attributes": [],
          "private": "bnVsbA=="
        }
      ]
    },
    {
      "mode": "managed",
      "type": "ah_ip",
      "name": "nginx",
      "provider": "provider[\"registry.terraform.io/advancedhosting/ah\"]",
      "instances": [
        {
          "schema_version": 0,
          "attributes": {
            "created_at": "2021-01-31T10:48:26.218Z",
            "datacenter": "ams1",
            "id": "75bc49f6-5570-4af3-aa9e-5bcfb53ed59a",
            "ip_address": "185.177.92.7",
            "reverse_dns": "ip-185-177-92-7.ah-server.com",
            "type": "public"
          },
          "sensitive_attributes": [],
          "private": "bnVsbA=="
        }
      ]
    },
    {
      "mode": "managed",
      "type": "ah_ip_assignment",
      "name": "nginx",
      "provider": "provider[\"registry.terraform.io/advancedhosting/ah\"]",
      "instances": [
        {
          "schema_version": 0,
          "attributes": {
            "cloud_server_id": "764865b1-83d5-4b07-927b-d3e25636b392",
            "id": "a33ac97c-f15e-4b2f-86e2-ee8513aeeb72",
            "ip_address": "75bc49f6-5570-4af3-aa9e-5bcfb53ed59a",
            "primary": true
          },
          "sensitive_attributes": [],
          "private": "bnVsbA==",
          "dependencies": [
            "ah_cloud_server.nginx",
            "ah_ip.nginx"
          ]
        }
      ]
    },
    {
      "mode": "managed",
      "type": "null_resource",
      "name": "nginx",
      "provider": "provider[\"registry.terraform.io/hashicorp/null\"]",
      "instances": [
        {
          "schema_version": 0,
          "attributes": {
            "id": "8879154958450437131",
            "triggers": null
          },
          "sensitive_attributes": [],
          "private": "bnVsbA=="
        }
      ]
    }
  ]
}
